
Microsoft Visual Studio Solution File, Format Version 12.00
# Visual Studio Version 17
VisualStudioVersion = 17.10.35027.167
MinimumVisualStudioVersion = 10.0.40219.1
Project("{FAE04EC0-301F-11D3-BF4B-00C04F79EFBC}") = "Calculator", "Calculator\Calculator.csproj", "{BFC3D0FD-E98A-4CF7-9949-CD31BCDCB864}"
EndProject
Global
	GlobalSection(SolutionConfigurationPlatforms) = preSolution
		Debug|Any CPU = Debug|Any CPU
		Release|Any CPU = Release|Any CPU
	EndGlobalSection
	GlobalSection(ProjectConfigurationPlatforms) = postSolution
		{BFC3D0FD-E98A-4CF7-9949-CD31BCDCB864}.Debug|Any CPU.ActiveCfg = Debug|Any CPU
		{BFC3D0FD-E98A-4CF7-9949-CD31BCDCB864}.Debug|Any CPU.Build.0 = Debug|Any CPU
		{BFC3D0FD-E98A-4CF7-9949-CD31BCDCB864}.Release|Any CPU.ActiveCfg = Release|Any CPU
		{BFC3D0FD-E98A-4CF7-9949-CD31BCDCB864}.Release|Any CPU.Build.0 = Release|Any CPU
	EndGlobalSection
	GlobalSection(SolutionProperties) = preSolution
		HideSolutionNode = FALSE
	EndGlobalSection
	GlobalSection(ExtensibilityGlobals) = postSolution
		SolutionGuid = {46F04BA8-AC91-4606-94AC-36052B02C48E}
	EndGlobalSection
EndGlobal
